
Microsoft Visual Studio Solution File, Format Version 12.00
# Visual Studio 15
VisualStudioVersion = 15.0.28307.106
MinimumVisualStudioVersion = 10.0.40219.1
Project("{9A19103F-16F7-4668-BE54-9A1E7A4F7556}") = "Traning", "Traning.csproj", "{3D1627A5-05A9-49EF-8E80-BA6E3A451929}"
EndProject
Project("{FAE04EC0-301F-11D3-BF4B-00C04F79EFBC}") = "Client", "..\MassTransit\src\Client\Client.csproj", "{660DD259-B525-448C-B621-417EFFC13615}"
EndProject
Project("{FAE04EC0-301F-11D3-BF4B-00C04F79EFBC}") = "RequestService", "..\MassTransit\src\RequestService\RequestService.csproj", "{7D22F0BF-A2F2-4DA3-A563-3DA36F37CC24}"
EndProject
Project("{FAE04EC0-301F-11D3-BF4B-00C04F79EFBC}") = "Sample.MessageTypes", "..\MassTransit\src\Sample.MessageTypes\Sample.MessageTypes.csproj", "{B857261C-0EC8-4D51-9577-E72908E7F9A6}"
EndProject
Project("{FAE04EC0-301F-11D3-BF4B-00C04F79EFBC}") = "DataObjects", "..\DataObjects\DataObjects.csproj", "{16EE36D4-885B-48F1-BE8B-4CE7DA4165ED}"
EndProject
Global
	GlobalSection(SolutionConfigurationPlatforms) = preSolution
		Debug|Any CPU = Debug|Any CPU
		Release|Any CPU = Release|Any CPU
	EndGlobalSection
	GlobalSection(ProjectConfigurationPlatforms) = postSolution
		{3D1627A5-05A9-49EF-8E80-BA6E3A451929}.Debug|Any CPU.ActiveCfg = Debug|Any CPU
		{3D1627A5-05A9-49EF-8E80-BA6E3A451929}.Debug|Any CPU.Build.0 = Debug|Any CPU
		{3D1627A5-05A9-49EF-8E80-BA6E3A451929}.Release|Any CPU.ActiveCfg = Release|Any CPU
		{3D1627A5-05A9-49EF-8E80-BA6E3A451929}.Release|Any CPU.Build.0 = Release|Any CPU
		{660DD259-B525-448C-B621-417EFFC13615}.Debug|Any CPU.ActiveCfg = Debug|Any CPU
		{660DD259-B525-448C-B621-417EFFC13615}.Debug|Any CPU.Build.0 = Debug|Any CPU
		{660DD259-B525-448C-B621-417EFFC13615}.Release|Any CPU.ActiveCfg = Release|Any CPU
		{660DD259-B525-448C-B621-417EFFC13615}.Release|Any CPU.Build.0 = Release|Any CPU
		{7D22F0BF-A2F2-4DA3-A563-3DA36F37CC24}.Debug|Any CPU.ActiveCfg = Debug|Any CPU
		{7D22F0BF-A2F2-4DA3-A563-3DA36F37CC24}.Debug|Any CPU.Build.0 = Debug|Any CPU
		{7D22F0BF-A2F2-4DA3-A563-3DA36F37CC24}.Release|Any CPU.ActiveCfg = Release|Any CPU
		{7D22F0BF-A2F2-4DA3-A563-3DA36F37CC24}.Release|Any CPU.Build.0 = Release|Any CPU
		{B857261C-0EC8-4D51-9577-E72908E7F9A6}.Debug|Any CPU.ActiveCfg = Debug|Any CPU
		{B857261C-0EC8-4D51-9577-E72908E7F9A6}.Debug|Any CPU.Build.0 = Debug|Any CPU
		{B857261C-0EC8-4D51-9577-E72908E7F9A6}.Release|Any CPU.ActiveCfg = Release|Any CPU
		{B857261C-0EC8-4D51-9577-E72908E7F9A6}.Release|Any CPU.Build.0 = Release|Any CPU
		{16EE36D4-885B-48F1-BE8B-4CE7DA4165ED}.Debug|Any CPU.ActiveCfg = Debug|Any CPU
		{16EE36D4-885B-48F1-BE8B-4CE7DA4165ED}.Debug|Any CPU.Build.0 = Debug|Any CPU
		{16EE36D4-885B-48F1-BE8B-4CE7DA4165ED}.Release|Any CPU.ActiveCfg = Release|Any CPU
		{16EE36D4-885B-48F1-BE8B-4CE7DA4165ED}.Release|Any CPU.Build.0 = Release|Any CPU
	EndGlobalSection
	GlobalSection(SolutionProperties) = preSolution
		HideSolutionNode = FALSE
	EndGlobalSection
	GlobalSection(ExtensibilityGlobals) = postSolution
		SolutionGuid = {3DAE8916-DC0B-4C0F-AFBE-52D803D12A2E}
	EndGlobalSection
EndGlobal
